
Microsoft Visual Studio Solution File, Format Version 12.00
# Visual Studio Version 17
VisualStudioVersion = 17.4.33213.308
MinimumVisualStudioVersion = 10.0.40219.1
Project("{FAE04EC0-301F-11D3-BF4B-00C04F79EFBC}") = "ContactBookApi", "ContactBookApi\ContactBookApi.csproj", "{710C4EB9-29D5-4FC5-81C7-F8EABBC4C8C7}"
EndProject
Global
	GlobalSection(SolutionConfigurationPlatforms) = preSolution
		Debug|Any CPU = Debug|Any CPU
		Release|Any CPU = Release|Any CPU
	EndGlobalSection
	GlobalSection(ProjectConfigurationPlatforms) = postSolution
		{710C4EB9-29D5-4FC5-81C7-F8EABBC4C8C7}.Debug|Any CPU.ActiveCfg = Debug|Any CPU
		{710C4EB9-29D5-4FC5-81C7-F8EABBC4C8C7}.Debug|Any CPU.Build.0 = Debug|Any CPU
		{710C4EB9-29D5-4FC5-81C7-F8EABBC4C8C7}.Release|Any CPU.ActiveCfg = Release|Any CPU
		{710C4EB9-29D5-4FC5-81C7-F8EABBC4C8C7}.Release|Any CPU.Build.0 = Release|Any CPU
	EndGlobalSection
	GlobalSection(SolutionProperties) = preSolution
		HideSolutionNode = FALSE
	EndGlobalSection
	GlobalSection(ExtensibilityGlobals) = postSolution
		SolutionGuid = {FF7AB795-7FB4-4100-AD6F-A91CA4F83B01}
	EndGlobalSection
EndGlobal
